
Microsoft Visual Studio Solution File, Format Version 12.00
# Visual Studio Version 17
VisualStudioVersion = 17.3.32825.248
MinimumVisualStudioVersion = 10.0.40219.1
Project("{FAE04EC0-301F-11D3-BF4B-00C04F79EFBC}") = "AutoTestMVC", "AutoTestMVC\AutoTestMVC.csproj", "{94B6247A-F541-44DC-836F-21EECC69E122}"
EndProject
Global
	GlobalSection(SolutionConfigurationPlatforms) = preSolution
		Debug|Any CPU = Debug|Any CPU
		Release|Any CPU = Release|Any CPU
	EndGlobalSection
	GlobalSection(ProjectConfigurationPlatforms) = postSolution
		{94B6247A-F541-44DC-836F-21EECC69E122}.Debug|Any CPU.ActiveCfg = Debug|Any CPU
		{94B6247A-F541-44DC-836F-21EECC69E122}.Debug|Any CPU.Build.0 = Debug|Any CPU
		{94B6247A-F541-44DC-836F-21EECC69E122}.Release|Any CPU.ActiveCfg = Release|Any CPU
		{94B6247A-F541-44DC-836F-21EECC69E122}.Release|Any CPU.Build.0 = Release|Any CPU
	EndGlobalSection
	GlobalSection(SolutionProperties) = preSolution
		HideSolutionNode = FALSE
	EndGlobalSection
	GlobalSection(ExtensibilityGlobals) = postSolution
		SolutionGuid = {ABE45A45-51E6-4C3B-9549-E9589A5212DD}
	EndGlobalSection
EndGlobal
